
Microsoft Visual Studio Solution File, Format Version 12.00
Project("{FAE04EC0-301F-11D3-BF4B-00C04F79EFBC}") = "NetworkServer", "NetworkServer\NetworkServer.csproj", "{C03B9BBD-A49B-4422-AE7B-D93A5D9194B2}"
EndProject
Project("{FAE04EC0-301F-11D3-BF4B-00C04F79EFBC}") = "DotNettyLib", "DotNettyLib\DotNettyLib.csproj", "{6B7274EE-5E40-4EC9-A369-F4041570A7F2}"
EndProject
Global
	GlobalSection(SolutionConfigurationPlatforms) = preSolution
		Debug|Any CPU = Debug|Any CPU
		Release|Any CPU = Release|Any CPU
	EndGlobalSection
	GlobalSection(ProjectConfigurationPlatforms) = postSolution
		{C03B9BBD-A49B-4422-AE7B-D93A5D9194B2}.Debug|Any CPU.ActiveCfg = Debug|Any CPU
		{C03B9BBD-A49B-4422-AE7B-D93A5D9194B2}.Debug|Any CPU.Build.0 = Debug|Any CPU
		{C03B9BBD-A49B-4422-AE7B-D93A5D9194B2}.Release|Any CPU.ActiveCfg = Release|Any CPU
		{C03B9BBD-A49B-4422-AE7B-D93A5D9194B2}.Release|Any CPU.Build.0 = Release|Any CPU
		{6B7274EE-5E40-4EC9-A369-F4041570A7F2}.Debug|Any CPU.ActiveCfg = Debug|Any CPU
		{6B7274EE-5E40-4EC9-A369-F4041570A7F2}.Debug|Any CPU.Build.0 = Debug|Any CPU
		{6B7274EE-5E40-4EC9-A369-F4041570A7F2}.Release|Any CPU.ActiveCfg = Release|Any CPU
		{6B7274EE-5E40-4EC9-A369-F4041570A7F2}.Release|Any CPU.Build.0 = Release|Any CPU
	EndGlobalSection
EndGlobal
